// !$*UTF8*$!
{
	archiveVersion = 1;
	classes = {
	};
	objectVersion = 46;
	objects = {

/* Begin PBXBuildFile section */
		F9B821A41D77649D00976925 /* NumberConverterFrm.h in Headers */ = {isa = PBXBuildFile; fileRef = F9B821A31D77649D00976925 /* NumberConverterFrm.h */; settings = {ATTRIBUTES = (Public, ); }; };
		F9B821AB1D77649D00976925 /* NumberConverterFrm.framework in Frameworks */ = {isa = PBXBuildFile; fileRef = F9B821A01D77649D00976925 /* NumberConverterFrm.framework */; };
		F9B821B01D77649D00976925 /* NumberConverterFrmTests.swift in Sources */ = {isa = PBXBuildFile; fileRef = F9B821AF1D77649D00976925 /* NumberConverterFrmTests.swift */; };
		F9B821BD1D7767AC00976925 /* NumberConverter.swift in Sources */ = {isa = PBXBuildFile; fileRef = F9B821BC1D7767AC00976925 /* NumberConverter.swift */; };
		F9B821BF1D7769A800976925 /* Localizable.strings in Resources */ = {isa = PBXBuildFile; fileRef = F9B821BE1D7769A800976925 /* Localizable.strings */; };
		F9B821C11D7769DF00976925 /* Common.swift in Sources */ = {isa = PBXBuildFile; fileRef = F9B821C01D7769DF00976925 /* Common.swift */; };
		F9B821C51D77774E00976925 /* StringExtension.swift in Sources */ = {isa = PBXBuildFile; fileRef = F9B821C41D77774E00976925 /* StringExtension.swift */; };
/* End PBXBuildFile section */

/* Begin PBXContainerItemProxy section */
		F9B821AC1D77649D00976925 /* PBXContainerItemProxy */ = {
			isa = PBXContainerItemProxy;
			containerPortal = F9B821971D77649D00976925 /* Project object */;
			proxyType = 1;
			remoteGlobalIDString = F9B8219F1D77649D00976925;
			remoteInfo = NumberConverterFrm;
		};
/* End PBXContainerItemProxy section */

/* Begin PBXFileReference section */
		F9B821A01D77649D00976925 /* NumberConverterFrm.framework */ = {isa = PBXFileReference; explicitFileType = wrapper.framework; includeInIndex = 0; path = NumberConverterFrm.framework; sourceTree = BUILT_PRODUCTS_DIR; };
		F9B821A31D77649D00976925 /* NumberConverterFrm.h */ = {isa = PBXFileReference; lastKnownFileType = sourcecode.c.h; path = NumberConverterFrm.h; sourceTree = "<group>"; };
		F9B821A51D77649D00976925 /* Info.plist */ = {isa = PBXFileReference; lastKnownFileType = text.plist.xml; path = Info.plist; sourceTree = "<group>"; };
		F9B821AA1D77649D00976925 /* NumberConverterFrmTests.xctest */ = {isa = PBXFileReference; explicitFileType = wrapper.cfbundle; includeInIndex = 0; path = NumberConverterFrmTests.xctest; sourceTree = BUILT_PRODUCTS_DIR; };
		F9B821AF1D77649D00976925 /* NumberConverterFrmTests.swift */ = {isa = PBXFileReference; lastKnownFileType = sourcecode.swift; path = NumberConverterFrmTests.swift; sourceTree = "<group>"; };
		F9B821B11D77649D00976925 /* Info.plist */ = {isa = PBXFileReference; lastKnownFileType = text.plist.xml; path = Info.plist; sourceTree = "<group>"; };
		F9B821BC1D7767AC00976925 /* NumberConverter.swift */ = {isa = PBXFileReference; fileEncoding = 4; lastKnownFileType = sourcecode.swift; path = NumberConverter.swift; sourceTree = "<group>"; };
		F9B821BE1D7769A800976925 /* Localizable.strings */ = {isa = PBXFileReference; fileEncoding = 4; lastKnownFileType = text.plist.strings; path = Localizable.strings; sourceTree = "<group>"; };
		F9B821C01D7769DF00976925 /* Common.swift */ = {isa = PBXFileReference; fileEncoding = 4; lastKnownFileType = sourcecode.swift; path = Common.swift; sourceTree = "<group>"; };
		F9B821C41D77774E00976925 /* StringExtension.swift */ = {isa = PBXFileReference; fileEncoding = 4; lastKnownFileType = sourcecode.swift; path = StringExtension.swift; sourceTree = "<group>"; };
/* End PBXFileReference section */

/* Begin PBXFrameworksBuildPhase section */
		F9B8219C1D77649D00976925 /* Frameworks */ = {
			isa = PBXFrameworksBuildPhase;
			buildActionMask = 2147483647;
			files = (
			);
			runOnlyForDeploymentPostprocessing = 0;
		};
		F9B821A71D77649D00976925 /* Frameworks */ = {
			isa = PBXFrameworksBuildPhase;
			buildActionMask = 2147483647;
			files = (
				F9B821AB1D77649D00976925 /* NumberConverterFrm.framework in Frameworks */,
			);
			runOnlyForDeploymentPostprocessing = 0;
		};
/* End PBXFrameworksBuildPhase section */

/* Begin PBXGroup section */
		F9B821961D77649D00976925 = {
			isa = PBXGroup;
			children = (
				F9B821A21D77649D00976925 /* NumberConverterFrm */,
				F9B821AE1D77649D00976925 /* NumberConverterFrmTests */,
				F9B821A11D77649D00976925 /* Products */,
			);
			sourceTree = "<group>";
		};
		F9B821A11D77649D00976925 /* Products */ = {
			isa = PBXGroup;
			children = (
				F9B821A01D77649D00976925 /* NumberConverterFrm.framework */,
				F9B821AA1D77649D00976925 /* NumberConverterFrmTests.xctest */,
			);
			name = Products;
			sourceTree = "<group>";
		};
		F9B821A21D77649D00976925 /* NumberConverterFrm */ = {
			isa = PBXGroup;
			children = (
				F9B821C61D777C3200976925 /* Utils */,
				F9B821A31D77649D00976925 /* NumberConverterFrm.h */,
				F9B821BC1D7767AC00976925 /* NumberConverter.swift */,
				F9B821BE1D7769A800976925 /* Localizable.strings */,
				F9B821A51D77649D00976925 /* Info.plist */,
			);
			path = NumberConverterFrm;
			sourceTree = "<group>";
		};
		F9B821AE1D77649D00976925 /* NumberConverterFrmTests */ = {
			isa = PBXGroup;
			children = (
				F9B821AF1D77649D00976925 /* NumberConverterFrmTests.swift */,
				F9B821B11D77649D00976925 /* Info.plist */,
			);
			path = NumberConverterFrmTests;
			sourceTree = "<group>";
		};
		F9B821C61D777C3200976925 /* Utils */ = {
			isa = PBXGroup;
			children = (
				F9B821C01D7769DF00976925 /* Common.swift */,
				F9B821C41D77774E00976925 /* StringExtension.swift */,
			);
			name = Utils;
			sourceTree = "<group>";
		};
/* End PBXGroup section */

/* Begin PBXHeadersBuildPhase section */
		F9B8219D1D77649D00976925 /* Headers */ = {
			isa = PBXHeadersBuildPhase;
			buildActionMask = 2147483647;
			files = (
				F9B821A41D77649D00976925 /* NumberConverterFrm.h in Headers */,
			);
			runOnlyForDeploymentPostprocessing = 0;
		};
/* End PBXHeadersBuildPhase section */

/* Begin PBXNativeTarget section */
		F9B8219F1D77649D00976925 /* NumberConverterFrm */ = {
			isa = PBXNativeTarget;
			buildConfigurationList = F9B821B41D77649D00976925 /* Build configuration list for PBXNativeTarget "NumberConverterFrm" */;
			buildPhases = (
				F9B8219B1D77649D00976925 /* Sources */,
				F9B8219C1D77649D00976925 /* Frameworks */,
				F9B8219D1D77649D00976925 /* Headers */,
				F9B8219E1D77649D00976925 /* Resources */,
			);
			buildRules = (
			);
			dependencies = (
			);
			name = NumberConverterFrm;
			productName = NumberConverterFrm;
			productReference = F9B821A01D77649D00976925 /* NumberConverterFrm.framework */;
			productType = "com.apple.product-type.framework";
		};
		F9B821A91D77649D00976925 /* NumberConverterFrmTests */ = {
			isa = PBXNativeTarget;
			buildConfigurationList = F9B821B71D77649D00976925 /* Build configuration list for PBXNativeTarget "NumberConverterFrmTests" */;
			buildPhases = (
				F9B821A61D77649D00976925 /* Sources */,
				F9B821A71D77649D00976925 /* Frameworks */,
				F9B821A81D77649D00976925 /* Resources */,
			);
			buildRules = (
			);
			dependencies = (
				F9B821AD1D77649D00976925 /* PBXTargetDependency */,
			);
			name = NumberConverterFrmTests;
			productName = NumberConverterFrmTests;
			productReference = F9B821AA1D77649D00976925 /* NumberConverterFrmTests.xctest */;
			productType = "com.apple.product-type.bundle.unit-test";
		};
/* End PBXNativeTarget section */

/* Begin PBXProject section */
		F9B821971D77649D00976925 /* Project object */ = {
			isa = PBXProject;
			attributes = {
				LastSwiftUpdateCheck = 0730;
				LastUpgradeCheck = 0730;
				ORGANIZATIONNAME = SurfStudio;
				TargetAttributes = {
					F9B8219F1D77649D00976925 = {
						CreatedOnToolsVersion = 7.3;
					};
					F9B821A91D77649D00976925 = {
						CreatedOnToolsVersion = 7.3;
					};
				};
			};
			buildConfigurationList = F9B8219A1D77649D00976925 /* Build configuration list for PBXProject "NumberConverterFrm" */;
			compatibilityVersion = "Xcode 3.2";
			developmentRegion = English;
			hasScannedForEncodings = 0;
			knownRegions = (
				en,
			);
			mainGroup = F9B821961D77649D00976925;
			productRefGroup = F9B821A11D77649D00976925 /* Products */;
			projectDirPath = "";
			projectRoot = "";
			targets = (
				F9B8219F1D77649D00976925 /* NumberConverterFrm */,
				F9B821A91D77649D00976925 /* NumberConverterFrmTests */,
			);
		};
/* End PBXProject section */

/* Begin PBXResourcesBuildPhase section */
		F9B8219E1D77649D00976925 /* Resources */ = {
			isa = PBXResourcesBuildPhase;
			buildActionMask = 2147483647;
			files = (
				F9B821BF1D7769A800976925 /* Localizable.strings in Resources */,
			);
			runOnlyForDeploymentPostprocessing = 0;
		};
		F9B821A81D77649D00976925 /* Resources */ = {
			isa = PBXResourcesBuildPhase;
			buildActionMask = 2147483647;
			files = (
			);
			runOnlyForDeploymentPostprocessing = 0;
		};
/* End PBXResourcesBuildPhase section */

/* Begin PBXSourcesBuildPhase section */
		F9B8219B1D77649D00976925 /* Sources */ = {
			isa = PBXSourcesBuildPhase;
			buildActionMask = 2147483647;
			files = (
				F9B821C11D7769DF00976925 /* Common.swift in Sources */,
				F9B821BD1D7767AC00976925 /* NumberConverter.swift in Sources */,
				F9B821C51D77774E00976925 /* StringExtension.swift in Sources */,
			);
			runOnlyForDeploymentPostprocessing = 0;
		};
		F9B821A61D77649D00976925 /* Sources */ = {
			isa = PBXSourcesBuildPhase;
			buildActionMask = 2147483647;
			files = (
				F9B821B01D77649D00976925 /* NumberConverterFrmTests.swift in Sources */,
			);
			runOnlyForDeploymentPostprocessing = 0;
		};
/* End PBXSourcesBuildPhase section */

/* Begin PBXTargetDependency section */
		F9B821AD1D77649D00976925 /* PBXTargetDependency */ = {
			isa = PBXTargetDependency;
			target = F9B8219F1D77649D00976925 /* NumberConverterFrm */;
			targetProxy = F9B821AC1D77649D00976925 /* PBXContainerItemProxy */;
		};
/* End PBXTargetDependency section */

/* Begin XCBuildConfiguration section */
		F9B821B21D77649D00976925 /* Debug */ = {
			isa = XCBuildConfiguration;
			buildSettings = {
				ALWAYS_SEARCH_USER_PATHS = NO;
				CLANG_ANALYZER_NONNULL = YES;
				CLANG_CXX_LANGUAGE_STANDARD = "gnu++0x";
				CLANG_CXX_LIBRARY = "libc++";
				CLANG_ENABLE_MODULES = YES;
				CLANG_ENABLE_OBJC_ARC = YES;
				CLANG_WARN_BOOL_CONVERSION = YES;
				CLANG_WARN_CONSTANT_CONVERSION = YES;
				CLANG_WARN_DIRECT_OBJC_ISA_USAGE = YES_ERROR;
				CLANG_WARN_EMPTY_BODY = YES;
				CLANG_WARN_ENUM_CONVERSION = YES;
				CLANG_WARN_INT_CONVERSION = YES;
				CLANG_WARN_OBJC_ROOT_CLASS = YES_ERROR;
				CLANG_WARN_UNREACHABLE_CODE = YES;
				CLANG_WARN__DUPLICATE_METHOD_MATCH = YES;
				"CODE_SIGN_IDENTITY[sdk=iphoneos*]" = "iPhone Developer";
				COPY_PHASE_STRIP = NO;
				CURRENT_PROJECT_VERSION = 1;
				DEBUG_INFORMATION_FORMAT = dwarf;
				ENABLE_STRICT_OBJC_MSGSEND = YES;
				ENABLE_TESTABILITY = YES;
				GCC_C_LANGUAGE_STANDARD = gnu99;
				GCC_DYNAMIC_NO_PIC = NO;
				GCC_NO_COMMON_BLOCKS = YES;
				GCC_OPTIMIZATION_LEVEL = 0;
				GCC_PREPROCESSOR_DEFINITIONS = (
					"DEBUG=1",
					"$(inherited)",
				);
				GCC_WARN_64_TO_32_BIT_CONVERSION = YES;
				GCC_WARN_ABOUT_RETURN_TYPE = YES_ERROR;
				GCC_WARN_UNDECLARED_SELECTOR = YES;
				GCC_WARN_UNINITIALIZED_AUTOS = YES_AGGRESSIVE;
				GCC_WARN_UNUSED_FUNCTION = YES;
				GCC_WARN_UNUSED_VARIABLE = YES;
				IPHONEOS_DEPLOYMENT_TARGET = 9.3;
				MTL_ENABLE_DEBUG_INFO = YES;
				ONLY_ACTIVE_ARCH = YES;
				SDKROOT = iphoneos;
				SWIFT_OPTIMIZATION_LEVEL = "-Onone";
				TARGETED_DEVICE_FAMILY = "1,2";
				VERSIONING_SYSTEM = "apple-generic";
				VERSION_INFO_PREFIX = "";
			};
			name = Debug;
		};
		F9B821B31D77649D00976925 /* Release */ = {
			isa = XCBuildConfiguration;
			buildSettings = {
				ALWAYS_SEARCH_USER_PATHS = NO;
				CLANG_ANALYZER_NONNULL = YES;
				CLANG_CXX_LANGUAGE_STANDARD = "gnu++0x";
				CLANG_CXX_LIBRARY = "libc++";
				CLANG_ENABLE_MODULES = YES;
				CLANG_ENABLE_OBJC_ARC = YES;
				CLANG_WARN_BOOL_CONVERSION = YES;
				CLANG_WARN_CONSTANT_CONVERSION = YES;
				CLANG_WARN_DIRECT_OBJC_ISA_USAGE = YES_ERROR;
				CLANG_WARN_EMPTY_BODY = YES;
				CLANG_WARN_ENUM_CONVERSION = YES;
				CLANG_WARN_INT_CONVERSION = YES;
				CLANG_WARN_OBJC_ROOT_CLASS = YES_ERROR;
				CLANG_WARN_UNREACHABLE_CODE = YES;
				CLANG_WARN__DUPLICATE_METHOD_MATCH = YES;
				"CODE_SIGN_IDENTITY[sdk=iphoneos*]" = "iPhone Developer";
				COPY_PHASE_STRIP = NO;
				CURRENT_PROJECT_VERSION = 1;
				DEBUG_INFORMATION_FORMAT = "dwarf-with-dsym";
				ENABLE_NS_ASSERTIONS = NO;
				ENABLE_STRICT_OBJC_MSGSEND = YES;
				GCC_C_LANGUAGE_STANDARD = gnu99;
				GCC_NO_COMMON_BLOCKS = YES;
				GCC_WARN_64_TO_32_BIT_CONVERSION = YES;
				GCC_WARN_ABOUT_RETURN_TYPE = YES_ERROR;
				GCC_WARN_UNDECLARED_SELECTOR = YES;
				GCC_WARN_UNINITIALIZED_AUTOS = YES_AGGRESSIVE;
				GCC_WARN_UNUSED_FUNCTION = YES;
				GCC_WARN_UNUSED_VARIABLE = YES;
				IPHONEOS_DEPLOYMENT_TARGET = 9.3;
				MTL_ENABLE_DEBUG_INFO = NO;
				SDKROOT = iphoneos;
				TARGETED_DEVICE_FAMILY = "1,2";
				VALIDATE_PRODUCT = YES;
				VERSIONING_SYSTEM = "apple-generic";
				VERSION_INFO_PREFIX = "";
			};
			name = Release;
		};
		F9B821B51D77649D00976925 /* Debug */ = {
			isa = XCBuildConfiguration;
			buildSettings = {
				CLANG_ENABLE_MODULES = YES;
				DEFINES_MODULE = YES;
				DYLIB_COMPATIBILITY_VERSION = 1;
				DYLIB_CURRENT_VERSION = 1;
				DYLIB_INSTALL_NAME_BASE = "@rpath";
				INFOPLIST_FILE = NumberConverterFrm/Info.plist;
				INSTALL_PATH = "$(LOCAL_LIBRARY_DIR)/Frameworks";
				IPHONEOS_DEPLOYMENT_TARGET = 8.0;
				LD_RUNPATH_SEARCH_PATHS = "$(inherited) @executable_path/Frameworks @loader_path/Frameworks";
				PRODUCT_BUNDLE_IDENTIFIER = com.surfstudio.numberconvfrm.NumberConverterFrm;
				PRODUCT_NAME = "$(TARGET_NAME)";
				SKIP_INSTALL = YES;
				SWIFT_OPTIMIZATION_LEVEL = "-Onone";
			};
			name = Debug;
		};
		F9B821B61D77649D00976925 /* Release */ = {
			isa = XCBuildConfiguration;
			buildSettings = {
				CLANG_ENABLE_MODULES = YES;
				DEFINES_MODULE = YES;
				DYLIB_COMPATIBILITY_VERSION = 1;
				DYLIB_CURRENT_VERSION = 1;
				DYLIB_INSTALL_NAME_BASE = "@rpath";
				INFOPLIST_FILE = NumberConverterFrm/Info.plist;
				INSTALL_PATH = "$(LOCAL_LIBRARY_DIR)/Frameworks";
				IPHONEOS_DEPLOYMENT_TARGET = 8.0;
				LD_RUNPATH_SEARCH_PATHS = "$(inherited) @executable_path/Frameworks @loader_path/Frameworks";
				PRODUCT_BUNDLE_IDENTIFIER = com.surfstudio.numberconvfrm.NumberConverterFrm;
				PRODUCT_NAME = "$(TARGET_NAME)";
				SKIP_INSTALL = YES;
			};
			name = Release;
		};
		F9B821B81D77649D00976925 /* Debug */ = {
			isa = XCBuildConfiguration;
			buildSettings = {
				INFOPLIST_FILE = NumberConverterFrmTests/Info.plist;
				LD_RUNPATH_SEARCH_PATHS = "$(inherited) @executable_path/Frameworks @loader_path/Frameworks";
				PRODUCT_BUNDLE_IDENTIFIER = com.surfstudio.numberconvfrm.NumberConverterFrmTests;
				PRODUCT_NAME = "$(TARGET_NAME)";
			};
			name = Debug;
		};
		F9B821B91D77649D00976925 /* Release */ = {
			isa = XCBuildConfiguration;
			buildSettings = {
				INFOPLIST_FILE = NumberConverterFrmTests/Info.plist;
				LD_RUNPATH_SEARCH_PATHS = "$(inherited) @executable_path/Frameworks @loader_path/Frameworks";
				PRODUCT_BUNDLE_IDENTIFIER = com.surfstudio.numberconvfrm.NumberConverterFrmTests;
				PRODUCT_NAME = "$(TARGET_NAME)";
			};
			name = Release;
		};
/* End XCBuildConfiguration section */

/* Begin XCConfigurationList section */
		F9B8219A1D77649D00976925 /* Build configuration list for PBXProject "NumberConverterFrm" */ = {
			isa = XCConfigurationList;
			buildConfigurations = (
				F9B821B21D77649D00976925 /* Debug */,
				F9B821B31D77649D00976925 /* Release */,
			);
			defaultConfigurationIsVisible = 0;
			defaultConfigurationName = Release;
		};
		F9B821B41D77649D00976925 /* Build configuration list for PBXNativeTarget "NumberConverterFrm" */ = {
			isa = XCConfigurationList;
			buildConfigurations = (
				F9B821B51D77649D00976925 /* Debug */,
				F9B821B61D77649D00976925 /* Release */,
			);
			defaultConfigurationIsVisible = 0;
		};
		F9B821B71D77649D00976925 /* Build configuration list for PBXNativeTarget "NumberConverterFrmTests" */ = {
			isa = XCConfigurationList;
			buildConfigurations = (
				F9B821B81D77649D00976925 /* Debug */,
				F9B821B91D77649D00976925 /* Release */,
			);
			defaultConfigurationIsVisible = 0;
		};
/* End XCConfigurationList section */
	};
	rootObject = F9B821971D77649D00976925 /* Project object */;
}
